
Microsoft Visual Studio Solution File, Format Version 12.00
# Visual Studio Version 17
VisualStudioVersion = 17.7.34018.315
MinimumVisualStudioVersion = 10.0.40219.1
Project("{2150E333-8FDC-42A3-9474-1A3956D46DE8}") = "CPlusPlus", "CPlusPlus", "{B8E75C74-E6C7-484D-B5A3-68C6A4A0A317}"
EndProject
Project("{8BC9CEB8-8B4A-11D0-8D11-00A0C91BC942}") = "Test", "CPlusPlus\Test\Test.vcxproj", "{5E6C009D-5E39-49F6-98EC-9D1910A2DB35}"
EndProject
Project("{2150E333-8FDC-42A3-9474-1A3956D46DE8}") = "Tool", "Tool", "{4C5B5D8D-485D-45D9-857E-445B362ACD12}"
EndProject
Project("{9A19103F-16F7-4668-BE54-9A1E7A4F7556}") = "Program", "Tool\Program\Program.csproj", "{16FD6189-4446-441B-8360-0460B0466E32}"
EndProject
Project("{8BC9CEB8-8B4A-11D0-8D11-00A0C91BC942}") = "Engine", "CPlusPlus\Engine\Engine.vcxproj", "{F76414D6-9ED8-4B36-884F-3C96B7C83118}"
EndProject
Project("{9A19103F-16F7-4668-BE54-9A1E7A4F7556}") = "CodingAnalyzer", "Tool\CodingAnalyzer\CodingAnalyzer.csproj", "{CEBC20B0-1BA1-4CE9-9149-FA565133438D}"
EndProject
Project("{2150E333-8FDC-42A3-9474-1A3956D46DE8}") = "Sample", "Sample", "{42DA24BB-5B28-4584-A0DA-B0683FF7F3BC}"
EndProject
Project("{2150E333-8FDC-42A3-9474-1A3956D46DE8}") = "D3D", "D3D", "{E4E37706-5569-4853-9A24-1A9F673D0C1A}"
EndProject
Project("{8BC9CEB8-8B4A-11D0-8D11-00A0C91BC942}") = "HelloWindow", "CPlusPlus\Sample\D3D\HelloWindow\HelloWindow.vcxproj", "{1B9D12AA-9723-456A-BC42-7F6148D96FDB}"
EndProject
Project("{8BC9CEB8-8B4A-11D0-8D11-00A0C91BC942}") = "HelloTriangle", "CPlusPlus\Sample\D3D\HelloTriangle\HelloTriangle.vcxproj", "{273E3A1C-DDF5-4B41-BB5A-D88086C55483}"
EndProject
Project("{8BC9CEB8-8B4A-11D0-8D11-00A0C91BC942}") = "HelloTexture", "CPlusPlus\Sample\D3D\HelloTexture\HelloTexture.vcxproj", "{047E2817-6EB5-4732-A9E9-0092DFEF3A7E}"
EndProject
Project("{8BC9CEB8-8B4A-11D0-8D11-00A0C91BC942}") = "HelloCBuffer", "CPlusPlus\Sample\D3D\HelloCBuffer\HelloCBuffer.vcxproj", "{D70ACDBC-18FC-4642-ACA1-54C36ED0AC39}"
EndProject
Project("{2150E333-8FDC-42A3-9474-1A3956D46DE8}") = "App", "App", "{98428182-EFC2-4A5A-A39C-645C2DB106FC}"
EndProject
Project("{8BC9CEB8-8B4A-11D0-8D11-00A0C91BC942}") = "StreamingAudioPlayer", "CPlusPlus\Sample\App\StreamingAudioPlayer\StreamingAudioPlayer.vcxproj", "{B24743D7-30F6-4BE5-90A5-308C5658AF1B}"
EndProject
Project("{8BC9CEB8-8B4A-11D0-8D11-00A0C91BC942}") = "BitmapViewer", "CPlusPlus\Sample\App\BitmapViewer\BitmapViewer.vcxproj", "{C07DC5D4-0726-4F06-8EB2-4196967B83BE}"
EndProject
Project("{8BC9CEB8-8B4A-11D0-8D11-00A0C91BC942}") = "ImageConversion", "Tool\ImageConversion\ImageConversion.vcxproj", "{4936A8D2-C79D-45CF-98EE-B2038F9435D9}"
EndProject
Project("{9A19103F-16F7-4668-BE54-9A1E7A4F7556}") = "CSourceBuilder", "Tool\CSourceBuilder\CSourceBuilder.csproj", "{F0975C26-2372-4BCE-ADA9-6C2140654DC6}"
EndProject
Project("{2150E333-8FDC-42A3-9474-1A3956D46DE8}") = "C", "C", "{0CCB1E2E-C557-44D1-899F-5490A1140545}"
EndProject
Project("{8BC9CEB8-8B4A-11D0-8D11-00A0C91BC942}") = "Engine", "C\Engine\Engine.vcxproj", "{DF5BA75B-9F3F-469E-93C3-087CA30AB83F}"
EndProject
Project("{2150E333-8FDC-42A3-9474-1A3956D46DE8}") = "Sample", "Sample", "{87ADF6B3-4EE6-4F7B-BD28-59343AFF8AF4}"
EndProject
Project("{2150E333-8FDC-42A3-9474-1A3956D46DE8}") = "App", "App", "{D561B5CF-2512-4272-98A7-8922F402B9A7}"
EndProject
Project("{2150E333-8FDC-42A3-9474-1A3956D46DE8}") = "Game", "Game", "{7D908FFC-AAA4-47D4-A26B-FD266D8DA94F}"
EndProject
Project("{8BC9CEB8-8B4A-11D0-8D11-00A0C91BC942}") = "BitmapViewer", "C\Sample\App\BitmapViewer\BitmapViewer.vcxproj", "{96DB812F-18B8-448E-8EEB-8B6168E96D0F}"
EndProject
Project("{8BC9CEB8-8B4A-11D0-8D11-00A0C91BC942}") = "StreamingAudioPlayer", "C\Sample\App\StreamingAudioPlayer\StreamingAudioPlayer.vcxproj", "{974A54E4-6260-4579-87F6-E39ABA61DD4B}"
EndProject
Project("{8BC9CEB8-8B4A-11D0-8D11-00A0C91BC942}") = "Tetris", "C\Sample\Game\Tetris\Tetris.vcxproj", "{35171BEB-8313-420B-BF78-5CA93609D9B0}"
EndProject
Global
	GlobalSection(SolutionConfigurationPlatforms) = preSolution
		Debug|Any CPU = Debug|Any CPU
		Debug|x64 = Debug|x64
		Debug|x86 = Debug|x86
		Release|Any CPU = Release|Any CPU
		Release|x64 = Release|x64
		Release|x86 = Release|x86
	EndGlobalSection
	GlobalSection(ProjectConfigurationPlatforms) = postSolution
		{5E6C009D-5E39-49F6-98EC-9D1910A2DB35}.Debug|Any CPU.ActiveCfg = Debug|x64
		{5E6C009D-5E39-49F6-98EC-9D1910A2DB35}.Debug|Any CPU.Build.0 = Debug|x64
		{5E6C009D-5E39-49F6-98EC-9D1910A2DB35}.Debug|x64.ActiveCfg = Debug|x64
		{5E6C009D-5E39-49F6-98EC-9D1910A2DB35}.Debug|x64.Build.0 = Debug|x64
		{5E6C009D-5E39-49F6-98EC-9D1910A2DB35}.Debug|x86.ActiveCfg = Debug|Win32
		{5E6C009D-5E39-49F6-98EC-9D1910A2DB35}.Debug|x86.Build.0 = Debug|Win32
		{5E6C009D-5E39-49F6-98EC-9D1910A2DB35}.Release|Any CPU.ActiveCfg = Release|x64
		{5E6C009D-5E39-49F6-98EC-9D1910A2DB35}.Release|Any CPU.Build.0 = Release|x64
		{5E6C009D-5E39-49F6-98EC-9D1910A2DB35}.Release|x64.ActiveCfg = Release|x64
		{5E6C009D-5E39-49F6-98EC-9D1910A2DB35}.Release|x64.Build.0 = Release|x64
		{5E6C009D-5E39-49F6-98EC-9D1910A2DB35}.Release|x86.ActiveCfg = Release|Win32
		{5E6C009D-5E39-49F6-98EC-9D1910A2DB35}.Release|x86.Build.0 = Release|Win32
		{16FD6189-4446-441B-8360-0460B0466E32}.Debug|Any CPU.ActiveCfg = Debug|Any CPU
		{16FD6189-4446-441B-8360-0460B0466E32}.Debug|Any CPU.Build.0 = Debug|Any CPU
		{16FD6189-4446-441B-8360-0460B0466E32}.Debug|x64.ActiveCfg = Debug|Any CPU
		{16FD6189-4446-441B-8360-0460B0466E32}.Debug|x64.Build.0 = Debug|Any CPU
		{16FD6189-4446-441B-8360-0460B0466E32}.Debug|x86.ActiveCfg = Debug|Any CPU
		{16FD6189-4446-441B-8360-0460B0466E32}.Debug|x86.Build.0 = Debug|Any CPU
		{16FD6189-4446-441B-8360-0460B0466E32}.Release|Any CPU.ActiveCfg = Release|Any CPU
		{16FD6189-4446-441B-8360-0460B0466E32}.Release|Any CPU.Build.0 = Release|Any CPU
		{16FD6189-4446-441B-8360-0460B0466E32}.Release|x64.ActiveCfg = Release|Any CPU
		{16FD6189-4446-441B-8360-0460B0466E32}.Release|x64.Build.0 = Release|Any CPU
		{16FD6189-4446-441B-8360-0460B0466E32}.Release|x86.ActiveCfg = Release|Any CPU
		{16FD6189-4446-441B-8360-0460B0466E32}.Release|x86.Build.0 = Release|Any CPU
		{F76414D6-9ED8-4B36-884F-3C96B7C83118}.Debug|Any CPU.ActiveCfg = Debug|x64
		{F76414D6-9ED8-4B36-884F-3C96B7C83118}.Debug|Any CPU.Build.0 = Debug|x64
		{F76414D6-9ED8-4B36-884F-3C96B7C83118}.Debug|x64.ActiveCfg = Debug|x64
		{F76414D6-9ED8-4B36-884F-3C96B7C83118}.Debug|x64.Build.0 = Debug|x64
		{F76414D6-9ED8-4B36-884F-3C96B7C83118}.Debug|x86.ActiveCfg = Debug|Win32
		{F76414D6-9ED8-4B36-884F-3C96B7C83118}.Debug|x86.Build.0 = Debug|Win32
		{F76414D6-9ED8-4B36-884F-3C96B7C83118}.Release|Any CPU.ActiveCfg = Release|x64
		{F76414D6-9ED8-4B36-884F-3C96B7C83118}.Release|Any CPU.Build.0 = Release|x64
		{F76414D6-9ED8-4B36-884F-3C96B7C83118}.Release|x64.ActiveCfg = Release|x64
		{F76414D6-9ED8-4B36-884F-3C96B7C83118}.Release|x64.Build.0 = Release|x64
		{F76414D6-9ED8-4B36-884F-3C96B7C83118}.Release|x86.ActiveCfg = Release|Win32
		{F76414D6-9ED8-4B36-884F-3C96B7C83118}.Release|x86.Build.0 = Release|Win32
		{CEBC20B0-1BA1-4CE9-9149-FA565133438D}.Debug|Any CPU.ActiveCfg = Debug|Any CPU
		{CEBC20B0-1BA1-4CE9-9149-FA565133438D}.Debug|Any CPU.Build.0 = Debug|Any CPU
		{CEBC20B0-1BA1-4CE9-9149-FA565133438D}.Debug|x64.ActiveCfg = Debug|Any CPU
		{CEBC20B0-1BA1-4CE9-9149-FA565133438D}.Debug|x64.Build.0 = Debug|Any CPU
		{CEBC20B0-1BA1-4CE9-9149-FA565133438D}.Debug|x86.ActiveCfg = Debug|Any CPU
		{CEBC20B0-1BA1-4CE9-9149-FA565133438D}.Debug|x86.Build.0 = Debug|Any CPU
		{CEBC20B0-1BA1-4CE9-9149-FA565133438D}.Release|Any CPU.ActiveCfg = Release|Any CPU
		{CEBC20B0-1BA1-4CE9-9149-FA565133438D}.Release|Any CPU.Build.0 = Release|Any CPU
		{CEBC20B0-1BA1-4CE9-9149-FA565133438D}.Release|x64.ActiveCfg = Release|Any CPU
		{CEBC20B0-1BA1-4CE9-9149-FA565133438D}.Release|x64.Build.0 = Release|Any CPU
		{CEBC20B0-1BA1-4CE9-9149-FA565133438D}.Release|x86.ActiveCfg = Release|Any CPU
		{CEBC20B0-1BA1-4CE9-9149-FA565133438D}.Release|x86.Build.0 = Release|Any CPU
		{1B9D12AA-9723-456A-BC42-7F6148D96FDB}.Debug|Any CPU.ActiveCfg = Debug|x64
		{1B9D12AA-9723-456A-BC42-7F6148D96FDB}.Debug|Any CPU.Build.0 = Debug|x64
		{1B9D12AA-9723-456A-BC42-7F6148D96FDB}.Debug|x64.ActiveCfg = Debug|x64
		{1B9D12AA-9723-456A-BC42-7F6148D96FDB}.Debug|x64.Build.0 = Debug|x64
		{1B9D12AA-9723-456A-BC42-7F6148D96FDB}.Debug|x86.ActiveCfg = Debug|Win32
		{1B9D12AA-9723-456A-BC42-7F6148D96FDB}.Debug|x86.Build.0 = Debug|Win32
		{1B9D12AA-9723-456A-BC42-7F6148D96FDB}.Release|Any CPU.ActiveCfg = Release|x64
		{1B9D12AA-9723-456A-BC42-7F6148D96FDB}.Release|Any CPU.Build.0 = Release|x64
		{1B9D12AA-9723-456A-BC42-7F6148D96FDB}.Release|x64.ActiveCfg = Release|x64
		{1B9D12AA-9723-456A-BC42-7F6148D96FDB}.Release|x64.Build.0 = Release|x64
		{1B9D12AA-9723-456A-BC42-7F6148D96FDB}.Release|x86.ActiveCfg = Release|Win32
		{1B9D12AA-9723-456A-BC42-7F6148D96FDB}.Release|x86.Build.0 = Release|Win32
		{273E3A1C-DDF5-4B41-BB5A-D88086C55483}.Debug|Any CPU.ActiveCfg = Debug|x64
		{273E3A1C-DDF5-4B41-BB5A-D88086C55483}.Debug|Any CPU.Build.0 = Debug|x64
		{273E3A1C-DDF5-4B41-BB5A-D88086C55483}.Debug|x64.ActiveCfg = Debug|x64
		{273E3A1C-DDF5-4B41-BB5A-D88086C55483}.Debug|x64.Build.0 = Debug|x64
		{273E3A1C-DDF5-4B41-BB5A-D88086C55483}.Debug|x86.ActiveCfg = Debug|Win32
		{273E3A1C-DDF5-4B41-BB5A-D88086C55483}.Debug|x86.Build.0 = Debug|Win32
		{273E3A1C-DDF5-4B41-BB5A-D88086C55483}.Release|Any CPU.ActiveCfg = Release|x64
		{273E3A1C-DDF5-4B41-BB5A-D88086C55483}.Release|Any CPU.Build.0 = Release|x64
		{273E3A1C-DDF5-4B41-BB5A-D88086C55483}.Release|x64.ActiveCfg = Release|x64
		{273E3A1C-DDF5-4B41-BB5A-D88086C55483}.Release|x64.Build.0 = Release|x64
		{273E3A1C-DDF5-4B41-BB5A-D88086C55483}.Release|x86.ActiveCfg = Release|Win32
		{273E3A1C-DDF5-4B41-BB5A-D88086C55483}.Release|x86.Build.0 = Release|Win32
		{047E2817-6EB5-4732-A9E9-0092DFEF3A7E}.Debug|Any CPU.ActiveCfg = Debug|x64
		{047E2817-6EB5-4732-A9E9-0092DFEF3A7E}.Debug|Any CPU.Build.0 = Debug|x64
		{047E2817-6EB5-4732-A9E9-0092DFEF3A7E}.Debug|x64.ActiveCfg = Debug|x64
		{047E2817-6EB5-4732-A9E9-0092DFEF3A7E}.Debug|x64.Build.0 = Debug|x64
		{047E2817-6EB5-4732-A9E9-0092DFEF3A7E}.Debug|x86.ActiveCfg = Debug|Win32
		{047E2817-6EB5-4732-A9E9-0092DFEF3A7E}.Debug|x86.Build.0 = Debug|Win32
		{047E2817-6EB5-4732-A9E9-0092DFEF3A7E}.Release|Any CPU.ActiveCfg = Release|x64
		{047E2817-6EB5-4732-A9E9-0092DFEF3A7E}.Release|Any CPU.Build.0 = Release|x64
		{047E2817-6EB5-4732-A9E9-0092DFEF3A7E}.Release|x64.ActiveCfg = Release|x64
		{047E2817-6EB5-4732-A9E9-0092DFEF3A7E}.Release|x64.Build.0 = Release|x64
		{047E2817-6EB5-4732-A9E9-0092DFEF3A7E}.Release|x86.ActiveCfg = Release|Win32
		{047E2817-6EB5-4732-A9E9-0092DFEF3A7E}.Release|x86.Build.0 = Release|Win32
		{D70ACDBC-18FC-4642-ACA1-54C36ED0AC39}.Debug|Any CPU.ActiveCfg = Debug|x64
		{D70ACDBC-18FC-4642-ACA1-54C36ED0AC39}.Debug|Any CPU.Build.0 = Debug|x64
		{D70ACDBC-18FC-4642-ACA1-54C36ED0AC39}.Debug|x64.ActiveCfg = Debug|x64
		{D70ACDBC-18FC-4642-ACA1-54C36ED0AC39}.Debug|x64.Build.0 = Debug|x64
		{D70ACDBC-18FC-4642-ACA1-54C36ED0AC39}.Debug|x86.ActiveCfg = Debug|Win32
		{D70ACDBC-18FC-4642-ACA1-54C36ED0AC39}.Debug|x86.Build.0 = Debug|Win32
		{D70ACDBC-18FC-4642-ACA1-54C36ED0AC39}.Release|Any CPU.ActiveCfg = Release|x64
		{D70ACDBC-18FC-4642-ACA1-54C36ED0AC39}.Release|Any CPU.Build.0 = Release|x64
		{D70ACDBC-18FC-4642-ACA1-54C36ED0AC39}.Release|x64.ActiveCfg = Release|x64
		{D70ACDBC-18FC-4642-ACA1-54C36ED0AC39}.Release|x64.Build.0 = Release|x64
		{D70ACDBC-18FC-4642-ACA1-54C36ED0AC39}.Release|x86.ActiveCfg = Release|Win32
		{D70ACDBC-18FC-4642-ACA1-54C36ED0AC39}.Release|x86.Build.0 = Release|Win32
		{B24743D7-30F6-4BE5-90A5-308C5658AF1B}.Debug|Any CPU.ActiveCfg = Debug|x64
		{B24743D7-30F6-4BE5-90A5-308C5658AF1B}.Debug|Any CPU.Build.0 = Debug|x64
		{B24743D7-30F6-4BE5-90A5-308C5658AF1B}.Debug|x64.ActiveCfg = Debug|x64
		{B24743D7-30F6-4BE5-90A5-308C5658AF1B}.Debug|x64.Build.0 = Debug|x64
		{B24743D7-30F6-4BE5-90A5-308C5658AF1B}.Debug|x86.ActiveCfg = Debug|Win32
		{B24743D7-30F6-4BE5-90A5-308C5658AF1B}.Debug|x86.Build.0 = Debug|Win32
		{B24743D7-30F6-4BE5-90A5-308C5658AF1B}.Release|Any CPU.ActiveCfg = Release|x64
		{B24743D7-30F6-4BE5-90A5-308C5658AF1B}.Release|Any CPU.Build.0 = Release|x64
		{B24743D7-30F6-4BE5-90A5-308C5658AF1B}.Release|x64.ActiveCfg = Release|x64
		{B24743D7-30F6-4BE5-90A5-308C5658AF1B}.Release|x64.Build.0 = Release|x64
		{B24743D7-30F6-4BE5-90A5-308C5658AF1B}.Release|x86.ActiveCfg = Release|Win32
		{B24743D7-30F6-4BE5-90A5-308C5658AF1B}.Release|x86.Build.0 = Release|Win32
		{C07DC5D4-0726-4F06-8EB2-4196967B83BE}.Debug|Any CPU.ActiveCfg = Debug|x64
		{C07DC5D4-0726-4F06-8EB2-4196967B83BE}.Debug|Any CPU.Build.0 = Debug|x64
		{C07DC5D4-0726-4F06-8EB2-4196967B83BE}.Debug|x64.ActiveCfg = Debug|x64
		{C07DC5D4-0726-4F06-8EB2-4196967B83BE}.Debug|x64.Build.0 = Debug|x64
		{C07DC5D4-0726-4F06-8EB2-4196967B83BE}.Debug|x86.ActiveCfg = Debug|Win32
		{C07DC5D4-0726-4F06-8EB2-4196967B83BE}.Debug|x86.Build.0 = Debug|Win32
		{C07DC5D4-0726-4F06-8EB2-4196967B83BE}.Release|Any CPU.ActiveCfg = Release|x64
		{C07DC5D4-0726-4F06-8EB2-4196967B83BE}.Release|Any CPU.Build.0 = Release|x64
		{C07DC5D4-0726-4F06-8EB2-4196967B83BE}.Release|x64.ActiveCfg = Release|x64
		{C07DC5D4-0726-4F06-8EB2-4196967B83BE}.Release|x64.Build.0 = Release|x64
		{C07DC5D4-0726-4F06-8EB2-4196967B83BE}.Release|x86.ActiveCfg = Release|Win32
		{C07DC5D4-0726-4F06-8EB2-4196967B83BE}.Release|x86.Build.0 = Release|Win32
		{4936A8D2-C79D-45CF-98EE-B2038F9435D9}.Debug|Any CPU.ActiveCfg = Debug|x64
		{4936A8D2-C79D-45CF-98EE-B2038F9435D9}.Debug|Any CPU.Build.0 = Debug|x64
		{4936A8D2-C79D-45CF-98EE-B2038F9435D9}.Debug|x64.ActiveCfg = Debug|x64
		{4936A8D2-C79D-45CF-98EE-B2038F9435D9}.Debug|x64.Build.0 = Debug|x64
		{4936A8D2-C79D-45CF-98EE-B2038F9435D9}.Debug|x86.ActiveCfg = Debug|Win32
		{4936A8D2-C79D-45CF-98EE-B2038F9435D9}.Debug|x86.Build.0 = Debug|Win32
		{4936A8D2-C79D-45CF-98EE-B2038F9435D9}.Release|Any CPU.ActiveCfg = Release|x64
		{4936A8D2-C79D-45CF-98EE-B2038F9435D9}.Release|Any CPU.Build.0 = Release|x64
		{4936A8D2-C79D-45CF-98EE-B2038F9435D9}.Release|x64.ActiveCfg = Release|x64
		{4936A8D2-C79D-45CF-98EE-B2038F9435D9}.Release|x64.Build.0 = Release|x64
		{4936A8D2-C79D-45CF-98EE-B2038F9435D9}.Release|x86.ActiveCfg = Release|Win32
		{4936A8D2-C79D-45CF-98EE-B2038F9435D9}.Release|x86.Build.0 = Release|Win32
		{F0975C26-2372-4BCE-ADA9-6C2140654DC6}.Debug|Any CPU.ActiveCfg = Debug|Any CPU
		{F0975C26-2372-4BCE-ADA9-6C2140654DC6}.Debug|Any CPU.Build.0 = Debug|Any CPU
		{F0975C26-2372-4BCE-ADA9-6C2140654DC6}.Debug|x64.ActiveCfg = Debug|Any CPU
		{F0975C26-2372-4BCE-ADA9-6C2140654DC6}.Debug|x64.Build.0 = Debug|Any CPU
		{F0975C26-2372-4BCE-ADA9-6C2140654DC6}.Debug|x86.ActiveCfg = Debug|Any CPU
		{F0975C26-2372-4BCE-ADA9-6C2140654DC6}.Debug|x86.Build.0 = Debug|Any CPU
		{F0975C26-2372-4BCE-ADA9-6C2140654DC6}.Release|Any CPU.ActiveCfg = Release|Any CPU
		{F0975C26-2372-4BCE-ADA9-6C2140654DC6}.Release|Any CPU.Build.0 = Release|Any CPU
		{F0975C26-2372-4BCE-ADA9-6C2140654DC6}.Release|x64.ActiveCfg = Release|Any CPU
		{F0975C26-2372-4BCE-ADA9-6C2140654DC6}.Release|x64.Build.0 = Release|Any CPU
		{F0975C26-2372-4BCE-ADA9-6C2140654DC6}.Release|x86.ActiveCfg = Release|Any CPU
		{F0975C26-2372-4BCE-ADA9-6C2140654DC6}.Release|x86.Build.0 = Release|Any CPU
		{DF5BA75B-9F3F-469E-93C3-087CA30AB83F}.Debug|Any CPU.ActiveCfg = Debug|x64
		{DF5BA75B-9F3F-469E-93C3-087CA30AB83F}.Debug|Any CPU.Build.0 = Debug|x64
		{DF5BA75B-9F3F-469E-93C3-087CA30AB83F}.Debug|x64.ActiveCfg = Debug|x64
		{DF5BA75B-9F3F-469E-93C3-087CA30AB83F}.Debug|x64.Build.0 = Debug|x64
		{DF5BA75B-9F3F-469E-93C3-087CA30AB83F}.Debug|x86.ActiveCfg = Debug|Win32
		{DF5BA75B-9F3F-469E-93C3-087CA30AB83F}.Debug|x86.Build.0 = Debug|Win32
		{DF5BA75B-9F3F-469E-93C3-087CA30AB83F}.Release|Any CPU.ActiveCfg = Release|x64
		{DF5BA75B-9F3F-469E-93C3-087CA30AB83F}.Release|Any CPU.Build.0 = Release|x64
		{DF5BA75B-9F3F-469E-93C3-087CA30AB83F}.Release|x64.ActiveCfg = Release|x64
		{DF5BA75B-9F3F-469E-93C3-087CA30AB83F}.Release|x64.Build.0 = Release|x64
		{DF5BA75B-9F3F-469E-93C3-087CA30AB83F}.Release|x86.ActiveCfg = Release|Win32
		{DF5BA75B-9F3F-469E-93C3-087CA30AB83F}.Release|x86.Build.0 = Release|Win32
		{96DB812F-18B8-448E-8EEB-8B6168E96D0F}.Debug|Any CPU.ActiveCfg = Debug|x64
		{96DB812F-18B8-448E-8EEB-8B6168E96D0F}.Debug|Any CPU.Build.0 = Debug|x64
		{96DB812F-18B8-448E-8EEB-8B6168E96D0F}.Debug|x64.ActiveCfg = Debug|x64
		{96DB812F-18B8-448E-8EEB-8B6168E96D0F}.Debug|x64.Build.0 = Debug|x64
		{96DB812F-18B8-448E-8EEB-8B6168E96D0F}.Debug|x86.ActiveCfg = Debug|Win32
		{96DB812F-18B8-448E-8EEB-8B6168E96D0F}.Debug|x86.Build.0 = Debug|Win32
		{96DB812F-18B8-448E-8EEB-8B6168E96D0F}.Release|Any CPU.ActiveCfg = Release|x64
		{96DB812F-18B8-448E-8EEB-8B6168E96D0F}.Release|Any CPU.Build.0 = Release|x64
		{96DB812F-18B8-448E-8EEB-8B6168E96D0F}.Release|x64.ActiveCfg = Release|x64
		{96DB812F-18B8-448E-8EEB-8B6168E96D0F}.Release|x64.Build.0 = Release|x64
		{96DB812F-18B8-448E-8EEB-8B6168E96D0F}.Release|x86.ActiveCfg = Release|Win32
		{96DB812F-18B8-448E-8EEB-8B6168E96D0F}.Release|x86.Build.0 = Release|Win32
		{974A54E4-6260-4579-87F6-E39ABA61DD4B}.Debug|Any CPU.ActiveCfg = Debug|x64
		{974A54E4-6260-4579-87F6-E39ABA61DD4B}.Debug|Any CPU.Build.0 = Debug|x64
		{974A54E4-6260-4579-87F6-E39ABA61DD4B}.Debug|x64.ActiveCfg = Debug|x64
		{974A54E4-6260-4579-87F6-E39ABA61DD4B}.Debug|x64.Build.0 = Debug|x64
		{974A54E4-6260-4579-87F6-E39ABA61DD4B}.Debug|x86.ActiveCfg = Debug|Win32
		{974A54E4-6260-4579-87F6-E39ABA61DD4B}.Debug|x86.Build.0 = Debug|Win32
		{974A54E4-6260-4579-87F6-E39ABA61DD4B}.Release|Any CPU.ActiveCfg = Release|x64
		{974A54E4-6260-4579-87F6-E39ABA61DD4B}.Release|Any CPU.Build.0 = Release|x64
		{974A54E4-6260-4579-87F6-E39ABA61DD4B}.Release|x64.ActiveCfg = Release|x64
		{974A54E4-6260-4579-87F6-E39ABA61DD4B}.Release|x64.Build.0 = Release|x64
		{974A54E4-6260-4579-87F6-E39ABA61DD4B}.Release|x86.ActiveCfg = Release|Win32
		{974A54E4-6260-4579-87F6-E39ABA61DD4B}.Release|x86.Build.0 = Release|Win32
		{35171BEB-8313-420B-BF78-5CA93609D9B0}.Debug|Any CPU.ActiveCfg = Debug|x64
		{35171BEB-8313-420B-BF78-5CA93609D9B0}.Debug|Any CPU.Build.0 = Debug|x64
		{35171BEB-8313-420B-BF78-5CA93609D9B0}.Debug|x64.ActiveCfg = Debug|x64
		{35171BEB-8313-420B-BF78-5CA93609D9B0}.Debug|x64.Build.0 = Debug|x64
		{35171BEB-8313-420B-BF78-5CA93609D9B0}.Debug|x86.ActiveCfg = Debug|Win32
		{35171BEB-8313-420B-BF78-5CA93609D9B0}.Debug|x86.Build.0 = Debug|Win32
		{35171BEB-8313-420B-BF78-5CA93609D9B0}.Release|Any CPU.ActiveCfg = Release|x64
		{35171BEB-8313-420B-BF78-5CA93609D9B0}.Release|Any CPU.Build.0 = Release|x64
		{35171BEB-8313-420B-BF78-5CA93609D9B0}.Release|x64.ActiveCfg = Release|x64
		{35171BEB-8313-420B-BF78-5CA93609D9B0}.Release|x64.Build.0 = Release|x64
		{35171BEB-8313-420B-BF78-5CA93609D9B0}.Release|x86.ActiveCfg = Release|Win32
		{35171BEB-8313-420B-BF78-5CA93609D9B0}.Release|x86.Build.0 = Release|Win32
	EndGlobalSection
	GlobalSection(SolutionProperties) = preSolution
		HideSolutionNode = FALSE
	EndGlobalSection
	GlobalSection(NestedProjects) = preSolution
		{5E6C009D-5E39-49F6-98EC-9D1910A2DB35} = {B8E75C74-E6C7-484D-B5A3-68C6A4A0A317}
		{16FD6189-4446-441B-8360-0460B0466E32} = {4C5B5D8D-485D-45D9-857E-445B362ACD12}
		{F76414D6-9ED8-4B36-884F-3C96B7C83118} = {B8E75C74-E6C7-484D-B5A3-68C6A4A0A317}
		{CEBC20B0-1BA1-4CE9-9149-FA565133438D} = {4C5B5D8D-485D-45D9-857E-445B362ACD12}
		{42DA24BB-5B28-4584-A0DA-B0683FF7F3BC} = {B8E75C74-E6C7-484D-B5A3-68C6A4A0A317}
		{E4E37706-5569-4853-9A24-1A9F673D0C1A} = {42DA24BB-5B28-4584-A0DA-B0683FF7F3BC}
		{1B9D12AA-9723-456A-BC42-7F6148D96FDB} = {E4E37706-5569-4853-9A24-1A9F673D0C1A}
		{273E3A1C-DDF5-4B41-BB5A-D88086C55483} = {E4E37706-5569-4853-9A24-1A9F673D0C1A}
		{047E2817-6EB5-4732-A9E9-0092DFEF3A7E} = {E4E37706-5569-4853-9A24-1A9F673D0C1A}
		{D70ACDBC-18FC-4642-ACA1-54C36ED0AC39} = {E4E37706-5569-4853-9A24-1A9F673D0C1A}
		{98428182-EFC2-4A5A-A39C-645C2DB106FC} = {42DA24BB-5B28-4584-A0DA-B0683FF7F3BC}
		{B24743D7-30F6-4BE5-90A5-308C5658AF1B} = {98428182-EFC2-4A5A-A39C-645C2DB106FC}
		{C07DC5D4-0726-4F06-8EB2-4196967B83BE} = {98428182-EFC2-4A5A-A39C-645C2DB106FC}
		{4936A8D2-C79D-45CF-98EE-B2038F9435D9} = {4C5B5D8D-485D-45D9-857E-445B362ACD12}
		{F0975C26-2372-4BCE-ADA9-6C2140654DC6} = {4C5B5D8D-485D-45D9-857E-445B362ACD12}
		{DF5BA75B-9F3F-469E-93C3-087CA30AB83F} = {0CCB1E2E-C557-44D1-899F-5490A1140545}
		{87ADF6B3-4EE6-4F7B-BD28-59343AFF8AF4} = {0CCB1E2E-C557-44D1-899F-5490A1140545}
		{D561B5CF-2512-4272-98A7-8922F402B9A7} = {87ADF6B3-4EE6-4F7B-BD28-59343AFF8AF4}
		{7D908FFC-AAA4-47D4-A26B-FD266D8DA94F} = {87ADF6B3-4EE6-4F7B-BD28-59343AFF8AF4}
		{96DB812F-18B8-448E-8EEB-8B6168E96D0F} = {D561B5CF-2512-4272-98A7-8922F402B9A7}
		{974A54E4-6260-4579-87F6-E39ABA61DD4B} = {D561B5CF-2512-4272-98A7-8922F402B9A7}
		{35171BEB-8313-420B-BF78-5CA93609D9B0} = {7D908FFC-AAA4-47D4-A26B-FD266D8DA94F}
	EndGlobalSection
	GlobalSection(ExtensibilityGlobals) = postSolution
		SolutionGuid = {A539E2E1-F311-45F6-89A6-E2B3A7F2E0E7}
	EndGlobalSection
EndGlobal
